
Microsoft Visual Studio Solution File, Format Version 12.00
# Visual Studio 15
VisualStudioVersion = 15.0.28010.2036
MinimumVisualStudioVersion = 10.0.40219.1
Project("{FAE04EC0-301F-11D3-BF4B-00C04F79EFBC}") = "Ejecutables_WF", "Projecte1_WF\Ejecutables_WF.csproj", "{53331FD0-E21C-41EA-85B1-FB0956ADFF97}"
EndProject
Project("{FAE04EC0-301F-11D3-BF4B-00C04F79EFBC}") = "Controles_BC", "BibliotecaDeClases\Controles_BC.csproj", "{CECFA0FA-1522-4D9D-9030-63ADFD7CDB4A}"
EndProject
Project("{FAE04EC0-301F-11D3-BF4B-00C04F79EFBC}") = "Plantilla_WF", "Proj1\Plantilla_WF.csproj", "{3D88EA02-F650-4812-ABA9-124F90D2AC06}"
EndProject
Project("{FAE04EC0-301F-11D3-BF4B-00C04F79EFBC}") = "AccesDades_BC", "AccesDades_BC\AccesDades_BC.csproj", "{DBAD04E6-A6BA-4DB3-81B7-298383A1583A}"
EndProject
Project("{FAE04EC0-301F-11D3-BF4B-00C04F79EFBC}") = "Gestio_BC", "Gestio_BC\Gestio_BC.csproj", "{31CE29A4-8D49-4323-AB7A-1D780BDE542F}"
EndProject
Project("{FAE04EC0-301F-11D3-BF4B-00C04F79EFBC}") = "FormulariCerca_BC", "FormulariCerca_BC\FormulariCerca_BC.csproj", "{227F00D0-9092-4B97-908D-AB06C12F0D32}"
EndProject
Project("{2150E333-8FDC-42A3-9474-1A3956D46DE8}") = "Manteniment Taules", "Manteniment Taules", "{A3021C02-74C7-4315-810A-992EB6935110}"
EndProject
Project("{2150E333-8FDC-42A3-9474-1A3956D46DE8}") = "Gestio Taules", "Gestio Taules", "{51DD3DB9-8229-4961-859C-92A1A705C187}"
EndProject
Project("{FAE04EC0-301F-11D3-BF4B-00C04F79EFBC}") = "GestioUsuaris", "GestioUsuaris\GestioUsuaris.csproj", "{46F7867D-0B11-44A9-BC2D-4BB411281FBF}"
EndProject
Project("{2150E333-8FDC-42A3-9474-1A3956D46DE8}") = "Foranes", "Foranes", "{245A4A21-A02D-4487-B101-442BA6CE69A2}"
EndProject
Project("{2150E333-8FDC-42A3-9474-1A3956D46DE8}") = "Simples", "Simples", "{3E49E885-7673-4C24-BCBC-CE3CCB3C7B12}"
EndProject
Project("{FAE04EC0-301F-11D3-BF4B-00C04F79EFBC}") = "GestioUsersCategories", "GestioUsersCategories\GestioUsersCategories.csproj", "{E14E675B-C6A4-4566-8CF8-C0F8533068D7}"
EndProject
Project("{FAE04EC0-301F-11D3-BF4B-00C04F79EFBC}") = "GestioPlanetes", "GestioPlanetes\GestioPlanetes.csproj", "{0780B100-B364-414B-816A-6CFFCF2BCB55}"
EndProject
Project("{FAE04EC0-301F-11D3-BF4B-00C04F79EFBC}") = "GestioUserRanks", "GestioUserRanks\GestioUserRanks.csproj", "{E68CE596-F8D7-4BA1-B274-645A722F48A1}"
EndProject
Project("{FAE04EC0-301F-11D3-BF4B-00C04F79EFBC}") = "GestioMenuOptions", "GestioMenuOptions\GestioMenuOptions.csproj", "{78F763B9-F400-4045-8065-0C0C965B76FD}"
EndProject
Project("{2150E333-8FDC-42A3-9474-1A3956D46DE8}") = "1r projecte", "1r projecte", "{D7D47A0F-BE0C-423F-B4D8-15F4BB9E6E55}"
EndProject
Project("{2150E333-8FDC-42A3-9474-1A3956D46DE8}") = "3r projecte", "3r projecte", "{BCF519CE-F5CA-4BBA-AC03-E02D5FD6823E}"
EndProject
Project("{FAE04EC0-301F-11D3-BF4B-00C04F79EFBC}") = "Persistencia", "Persistencia\Persistencia.csproj", "{68A1754E-C012-486D-B10B-462CEEEE5C39}"
EndProject
Project("{FAE04EC0-301F-11D3-BF4B-00C04F79EFBC}") = "InstruccionsMuntatge", "InstruccionsMuntatge\InstruccionsMuntatge.csproj", "{254FCFE9-A1DD-42BF-A536-87C064BA4A34}"
EndProject
Project("{FAE04EC0-301F-11D3-BF4B-00C04F79EFBC}") = "EscandallProducte", "EscandallProducte\EscandallProducte.csproj", "{E3C1ED40-229F-408A-B064-87C0D57C2BED}"
EndProject
Project("{FAE04EC0-301F-11D3-BF4B-00C04F79EFBC}") = "MantenimentTipusReferencia", "MantenimentTipusReferencia\MantenimentTipusReferencia.csproj", "{98AF99C4-E405-4056-8981-8BFBEEEDA20D}"
EndProject
Project("{FAE04EC0-301F-11D3-BF4B-00C04F79EFBC}") = "MantenimentReferencia", "MantenimentReferencia\MantenimentReferencia.csproj", "{052C9EC8-92BC-4BB9-A90E-4B88B624E54C}"
EndProject
Project("{FAE04EC0-301F-11D3-BF4B-00C04F79EFBC}") = "MantenimentNivellAcces", "MantenimentNivellAcces\MantenimentNivellAcces.csproj", "{404249A9-DEFF-4041-8762-8702528B7C5D}"
EndProject
Project("{FAE04EC0-301F-11D3-BF4B-00C04F79EFBC}") = "RecepcioComandes", "RecepcioComandes\RecepcioComandes.csproj", "{6A0B3E0D-7E17-4150-8DE5-C1557D6A5163}"
EndProject
Project("{FAE04EC0-301F-11D3-BF4B-00C04F79EFBC}") = "HyperSpaceData", "HyperSpaceData\HyperSpaceData.csproj", "{40AE8306-DF02-49D2-A24A-DD8015A23DAF}"
EndProject
Global
	GlobalSection(SolutionConfigurationPlatforms) = preSolution
		Debug|Any CPU = Debug|Any CPU
		Release|Any CPU = Release|Any CPU
	EndGlobalSection
	GlobalSection(ProjectConfigurationPlatforms) = postSolution
		{53331FD0-E21C-41EA-85B1-FB0956ADFF97}.Debug|Any CPU.ActiveCfg = Debug|Any CPU
		{53331FD0-E21C-41EA-85B1-FB0956ADFF97}.Debug|Any CPU.Build.0 = Debug|Any CPU
		{53331FD0-E21C-41EA-85B1-FB0956ADFF97}.Release|Any CPU.ActiveCfg = Release|Any CPU
		{53331FD0-E21C-41EA-85B1-FB0956ADFF97}.Release|Any CPU.Build.0 = Release|Any CPU
		{CECFA0FA-1522-4D9D-9030-63ADFD7CDB4A}.Debug|Any CPU.ActiveCfg = Debug|Any CPU
		{CECFA0FA-1522-4D9D-9030-63ADFD7CDB4A}.Debug|Any CPU.Build.0 = Debug|Any CPU
		{CECFA0FA-1522-4D9D-9030-63ADFD7CDB4A}.Release|Any CPU.ActiveCfg = Release|Any CPU
		{CECFA0FA-1522-4D9D-9030-63ADFD7CDB4A}.Release|Any CPU.Build.0 = Release|Any CPU
		{3D88EA02-F650-4812-ABA9-124F90D2AC06}.Debug|Any CPU.ActiveCfg = Debug|Any CPU
		{3D88EA02-F650-4812-ABA9-124F90D2AC06}.Debug|Any CPU.Build.0 = Debug|Any CPU
		{3D88EA02-F650-4812-ABA9-124F90D2AC06}.Release|Any CPU.ActiveCfg = Release|Any CPU
		{3D88EA02-F650-4812-ABA9-124F90D2AC06}.Release|Any CPU.Build.0 = Release|Any CPU
		{DBAD04E6-A6BA-4DB3-81B7-298383A1583A}.Debug|Any CPU.ActiveCfg = Debug|Any CPU
		{DBAD04E6-A6BA-4DB3-81B7-298383A1583A}.Debug|Any CPU.Build.0 = Debug|Any CPU
		{DBAD04E6-A6BA-4DB3-81B7-298383A1583A}.Release|Any CPU.ActiveCfg = Release|Any CPU
		{DBAD04E6-A6BA-4DB3-81B7-298383A1583A}.Release|Any CPU.Build.0 = Release|Any CPU
		{31CE29A4-8D49-4323-AB7A-1D780BDE542F}.Debug|Any CPU.ActiveCfg = Debug|Any CPU
		{31CE29A4-8D49-4323-AB7A-1D780BDE542F}.Debug|Any CPU.Build.0 = Debug|Any CPU
		{31CE29A4-8D49-4323-AB7A-1D780BDE542F}.Release|Any CPU.ActiveCfg = Release|Any CPU
		{31CE29A4-8D49-4323-AB7A-1D780BDE542F}.Release|Any CPU.Build.0 = Release|Any CPU
		{227F00D0-9092-4B97-908D-AB06C12F0D32}.Debug|Any CPU.ActiveCfg = Debug|Any CPU
		{227F00D0-9092-4B97-908D-AB06C12F0D32}.Debug|Any CPU.Build.0 = Debug|Any CPU
		{227F00D0-9092-4B97-908D-AB06C12F0D32}.Release|Any CPU.ActiveCfg = Release|Any CPU
		{227F00D0-9092-4B97-908D-AB06C12F0D32}.Release|Any CPU.Build.0 = Release|Any CPU
		{46F7867D-0B11-44A9-BC2D-4BB411281FBF}.Debug|Any CPU.ActiveCfg = Debug|Any CPU
		{46F7867D-0B11-44A9-BC2D-4BB411281FBF}.Debug|Any CPU.Build.0 = Debug|Any CPU
		{46F7867D-0B11-44A9-BC2D-4BB411281FBF}.Release|Any CPU.ActiveCfg = Release|Any CPU
		{46F7867D-0B11-44A9-BC2D-4BB411281FBF}.Release|Any CPU.Build.0 = Release|Any CPU
		{E14E675B-C6A4-4566-8CF8-C0F8533068D7}.Debug|Any CPU.ActiveCfg = Debug|Any CPU
		{E14E675B-C6A4-4566-8CF8-C0F8533068D7}.Debug|Any CPU.Build.0 = Debug|Any CPU
		{E14E675B-C6A4-4566-8CF8-C0F8533068D7}.Release|Any CPU.ActiveCfg = Release|Any CPU
		{E14E675B-C6A4-4566-8CF8-C0F8533068D7}.Release|Any CPU.Build.0 = Release|Any CPU
		{0780B100-B364-414B-816A-6CFFCF2BCB55}.Debug|Any CPU.ActiveCfg = Debug|Any CPU
		{0780B100-B364-414B-816A-6CFFCF2BCB55}.Debug|Any CPU.Build.0 = Debug|Any CPU
		{0780B100-B364-414B-816A-6CFFCF2BCB55}.Release|Any CPU.ActiveCfg = Release|Any CPU
		{0780B100-B364-414B-816A-6CFFCF2BCB55}.Release|Any CPU.Build.0 = Release|Any CPU
		{E68CE596-F8D7-4BA1-B274-645A722F48A1}.Debug|Any CPU.ActiveCfg = Debug|Any CPU
		{E68CE596-F8D7-4BA1-B274-645A722F48A1}.Debug|Any CPU.Build.0 = Debug|Any CPU
		{E68CE596-F8D7-4BA1-B274-645A722F48A1}.Release|Any CPU.ActiveCfg = Release|Any CPU
		{E68CE596-F8D7-4BA1-B274-645A722F48A1}.Release|Any CPU.Build.0 = Release|Any CPU
		{78F763B9-F400-4045-8065-0C0C965B76FD}.Debug|Any CPU.ActiveCfg = Debug|Any CPU
		{78F763B9-F400-4045-8065-0C0C965B76FD}.Debug|Any CPU.Build.0 = Debug|Any CPU
		{78F763B9-F400-4045-8065-0C0C965B76FD}.Release|Any CPU.ActiveCfg = Release|Any CPU
		{78F763B9-F400-4045-8065-0C0C965B76FD}.Release|Any CPU.Build.0 = Release|Any CPU
		{68A1754E-C012-486D-B10B-462CEEEE5C39}.Debug|Any CPU.ActiveCfg = Debug|Any CPU
		{68A1754E-C012-486D-B10B-462CEEEE5C39}.Debug|Any CPU.Build.0 = Debug|Any CPU
		{68A1754E-C012-486D-B10B-462CEEEE5C39}.Release|Any CPU.ActiveCfg = Release|Any CPU
		{68A1754E-C012-486D-B10B-462CEEEE5C39}.Release|Any CPU.Build.0 = Release|Any CPU
		{254FCFE9-A1DD-42BF-A536-87C064BA4A34}.Debug|Any CPU.ActiveCfg = Debug|Any CPU
		{254FCFE9-A1DD-42BF-A536-87C064BA4A34}.Debug|Any CPU.Build.0 = Debug|Any CPU
		{254FCFE9-A1DD-42BF-A536-87C064BA4A34}.Release|Any CPU.ActiveCfg = Release|Any CPU
		{254FCFE9-A1DD-42BF-A536-87C064BA4A34}.Release|Any CPU.Build.0 = Release|Any CPU
		{E3C1ED40-229F-408A-B064-87C0D57C2BED}.Debug|Any CPU.ActiveCfg = Debug|Any CPU
		{E3C1ED40-229F-408A-B064-87C0D57C2BED}.Debug|Any CPU.Build.0 = Debug|Any CPU
		{E3C1ED40-229F-408A-B064-87C0D57C2BED}.Release|Any CPU.ActiveCfg = Release|Any CPU
		{E3C1ED40-229F-408A-B064-87C0D57C2BED}.Release|Any CPU.Build.0 = Release|Any CPU
		{98AF99C4-E405-4056-8981-8BFBEEEDA20D}.Debug|Any CPU.ActiveCfg = Debug|Any CPU
		{98AF99C4-E405-4056-8981-8BFBEEEDA20D}.Debug|Any CPU.Build.0 = Debug|Any CPU
		{98AF99C4-E405-4056-8981-8BFBEEEDA20D}.Release|Any CPU.ActiveCfg = Release|Any CPU
		{98AF99C4-E405-4056-8981-8BFBEEEDA20D}.Release|Any CPU.Build.0 = Release|Any CPU
		{052C9EC8-92BC-4BB9-A90E-4B88B624E54C}.Debug|Any CPU.ActiveCfg = Debug|Any CPU
		{052C9EC8-92BC-4BB9-A90E-4B88B624E54C}.Debug|Any CPU.Build.0 = Debug|Any CPU
		{052C9EC8-92BC-4BB9-A90E-4B88B624E54C}.Release|Any CPU.ActiveCfg = Release|Any CPU
		{052C9EC8-92BC-4BB9-A90E-4B88B624E54C}.Release|Any CPU.Build.0 = Release|Any CPU
		{404249A9-DEFF-4041-8762-8702528B7C5D}.Debug|Any CPU.ActiveCfg = Debug|Any CPU
		{404249A9-DEFF-4041-8762-8702528B7C5D}.Debug|Any CPU.Build.0 = Debug|Any CPU
		{404249A9-DEFF-4041-8762-8702528B7C5D}.Release|Any CPU.ActiveCfg = Release|Any CPU
		{404249A9-DEFF-4041-8762-8702528B7C5D}.Release|Any CPU.Build.0 = Release|Any CPU
		{6A0B3E0D-7E17-4150-8DE5-C1557D6A5163}.Debug|Any CPU.ActiveCfg = Debug|Any CPU
		{6A0B3E0D-7E17-4150-8DE5-C1557D6A5163}.Debug|Any CPU.Build.0 = Debug|Any CPU
		{6A0B3E0D-7E17-4150-8DE5-C1557D6A5163}.Release|Any CPU.ActiveCfg = Release|Any CPU
		{6A0B3E0D-7E17-4150-8DE5-C1557D6A5163}.Release|Any CPU.Build.0 = Release|Any CPU
		{40AE8306-DF02-49D2-A24A-DD8015A23DAF}.Debug|Any CPU.ActiveCfg = Debug|Any CPU
		{40AE8306-DF02-49D2-A24A-DD8015A23DAF}.Debug|Any CPU.Build.0 = Debug|Any CPU
		{40AE8306-DF02-49D2-A24A-DD8015A23DAF}.Release|Any CPU.ActiveCfg = Release|Any CPU
		{40AE8306-DF02-49D2-A24A-DD8015A23DAF}.Release|Any CPU.Build.0 = Release|Any CPU
	EndGlobalSection
	GlobalSection(SolutionProperties) = preSolution
		HideSolutionNode = FALSE
	EndGlobalSection
	GlobalSection(NestedProjects) = preSolution
		{31CE29A4-8D49-4323-AB7A-1D780BDE542F} = {A3021C02-74C7-4315-810A-992EB6935110}
		{227F00D0-9092-4B97-908D-AB06C12F0D32} = {A3021C02-74C7-4315-810A-992EB6935110}
		{A3021C02-74C7-4315-810A-992EB6935110} = {D7D47A0F-BE0C-423F-B4D8-15F4BB9E6E55}
		{51DD3DB9-8229-4961-859C-92A1A705C187} = {D7D47A0F-BE0C-423F-B4D8-15F4BB9E6E55}
		{46F7867D-0B11-44A9-BC2D-4BB411281FBF} = {245A4A21-A02D-4487-B101-442BA6CE69A2}
		{245A4A21-A02D-4487-B101-442BA6CE69A2} = {51DD3DB9-8229-4961-859C-92A1A705C187}
		{3E49E885-7673-4C24-BCBC-CE3CCB3C7B12} = {51DD3DB9-8229-4961-859C-92A1A705C187}
		{E14E675B-C6A4-4566-8CF8-C0F8533068D7} = {3E49E885-7673-4C24-BCBC-CE3CCB3C7B12}
		{0780B100-B364-414B-816A-6CFFCF2BCB55} = {245A4A21-A02D-4487-B101-442BA6CE69A2}
		{E68CE596-F8D7-4BA1-B274-645A722F48A1} = {3E49E885-7673-4C24-BCBC-CE3CCB3C7B12}
		{78F763B9-F400-4045-8065-0C0C965B76FD} = {3E49E885-7673-4C24-BCBC-CE3CCB3C7B12}
		{68A1754E-C012-486D-B10B-462CEEEE5C39} = {BCF519CE-F5CA-4BBA-AC03-E02D5FD6823E}
		{254FCFE9-A1DD-42BF-A536-87C064BA4A34} = {BCF519CE-F5CA-4BBA-AC03-E02D5FD6823E}
		{E3C1ED40-229F-408A-B064-87C0D57C2BED} = {BCF519CE-F5CA-4BBA-AC03-E02D5FD6823E}
		{98AF99C4-E405-4056-8981-8BFBEEEDA20D} = {BCF519CE-F5CA-4BBA-AC03-E02D5FD6823E}
		{052C9EC8-92BC-4BB9-A90E-4B88B624E54C} = {BCF519CE-F5CA-4BBA-AC03-E02D5FD6823E}
		{404249A9-DEFF-4041-8762-8702528B7C5D} = {BCF519CE-F5CA-4BBA-AC03-E02D5FD6823E}
		{6A0B3E0D-7E17-4150-8DE5-C1557D6A5163} = {BCF519CE-F5CA-4BBA-AC03-E02D5FD6823E}
		{40AE8306-DF02-49D2-A24A-DD8015A23DAF} = {BCF519CE-F5CA-4BBA-AC03-E02D5FD6823E}
	EndGlobalSection
	GlobalSection(ExtensibilityGlobals) = postSolution
		SolutionGuid = {0299AA09-F9CF-4CED-B014-BA4B1B2668F0}
	EndGlobalSection
EndGlobal
